
Microsoft Visual Studio Solution File, Format Version 12.00
# Visual Studio 15
VisualStudioVersion = 15.0.27004.2010
MinimumVisualStudioVersion = 10.0.40219.1
Project("{FAE04EC0-301F-11D3-BF4B-00C04F79EFBC}") = "Project1", "Project1\Project1.csproj", "{1027A4CD-61BF-480D-9382-C60804F4748C}"
EndProject
Global
	GlobalSection(SolutionConfigurationPlatforms) = preSolution
		Debug|Any CPU = Debug|Any CPU
		Release|Any CPU = Release|Any CPU
	EndGlobalSection
	GlobalSection(ProjectConfigurationPlatforms) = postSolution
		{1027A4CD-61BF-480D-9382-C60804F4748C}.Debug|Any CPU.ActiveCfg = Debug|Any CPU
		{1027A4CD-61BF-480D-9382-C60804F4748C}.Debug|Any CPU.Build.0 = Debug|Any CPU
		{1027A4CD-61BF-480D-9382-C60804F4748C}.Release|Any CPU.ActiveCfg = Release|Any CPU
		{1027A4CD-61BF-480D-9382-C60804F4748C}.Release|Any CPU.Build.0 = Release|Any CPU
	EndGlobalSection
	GlobalSection(SolutionProperties) = preSolution
		HideSolutionNode = FALSE
	EndGlobalSection
	GlobalSection(ExtensibilityGlobals) = postSolution
		SolutionGuid = {15ECF977-CA81-4054-A992-23145EB9E867}
	EndGlobalSection
EndGlobal
